
Microsoft Visual Studio Solution File, Format Version 12.00
# Visual Studio 14
VisualStudioVersion = 14.0.25420.1
MinimumVisualStudioVersion = 10.0.40219.1
Project("{FAE04EC0-301F-11D3-BF4B-00C04F79EFBC}") = "SyncSwimming", "SyncSwimming\SyncSwimming.csproj", "{69AB23DF-DC98-4F5F-ABA2-1D4D4B9DF9F3}"
EndProject
Project("{54435603-DBB4-11D2-8724-00A0C9A8B90C}") = "Setup_SyncSwimming", "Setup_SyncSwimming\Setup_SyncSwimming.vdproj", "{6D589640-C349-4736-A0DA-E41A69AE6164}"
EndProject
Global
	GlobalSection(SolutionConfigurationPlatforms) = preSolution
		Debug|Any CPU = Debug|Any CPU
		Release|Any CPU = Release|Any CPU
	EndGlobalSection
	GlobalSection(ProjectConfigurationPlatforms) = postSolution
		{69AB23DF-DC98-4F5F-ABA2-1D4D4B9DF9F3}.Debug|Any CPU.ActiveCfg = Debug|Any CPU
		{69AB23DF-DC98-4F5F-ABA2-1D4D4B9DF9F3}.Debug|Any CPU.Build.0 = Debug|Any CPU
		{69AB23DF-DC98-4F5F-ABA2-1D4D4B9DF9F3}.Release|Any CPU.ActiveCfg = Release|Any CPU
		{69AB23DF-DC98-4F5F-ABA2-1D4D4B9DF9F3}.Release|Any CPU.Build.0 = Release|Any CPU
		{6D589640-C349-4736-A0DA-E41A69AE6164}.Debug|Any CPU.ActiveCfg = Debug
		{6D589640-C349-4736-A0DA-E41A69AE6164}.Release|Any CPU.ActiveCfg = Release
	EndGlobalSection
	GlobalSection(SolutionProperties) = preSolution
		HideSolutionNode = FALSE
	EndGlobalSection
EndGlobal
